
Microsoft Visual Studio Solution File, Format Version 12.00
# Visual Studio Version 16
VisualStudioVersion = 16.0.31624.102
MinimumVisualStudioVersion = 10.0.40219.1
Project("{FAE04EC0-301F-11D3-BF4B-00C04F79EFBC}") = "MVC_Produkt_Manager", "MVC_Produkt_Manager\MVC_Produkt_Manager.csproj", "{137EF6E3-A2B2-4672-8281-4F6AAE7DDBAB}"
EndProject
Global
	GlobalSection(SolutionConfigurationPlatforms) = preSolution
		Debug|Any CPU = Debug|Any CPU
		Release|Any CPU = Release|Any CPU
	EndGlobalSection
	GlobalSection(ProjectConfigurationPlatforms) = postSolution
		{137EF6E3-A2B2-4672-8281-4F6AAE7DDBAB}.Debug|Any CPU.ActiveCfg = Debug|Any CPU
		{137EF6E3-A2B2-4672-8281-4F6AAE7DDBAB}.Debug|Any CPU.Build.0 = Debug|Any CPU
		{137EF6E3-A2B2-4672-8281-4F6AAE7DDBAB}.Release|Any CPU.ActiveCfg = Release|Any CPU
		{137EF6E3-A2B2-4672-8281-4F6AAE7DDBAB}.Release|Any CPU.Build.0 = Release|Any CPU
	EndGlobalSection
	GlobalSection(SolutionProperties) = preSolution
		HideSolutionNode = FALSE
	EndGlobalSection
	GlobalSection(ExtensibilityGlobals) = postSolution
		SolutionGuid = {029AE214-E000-4C44-881E-3C9192EC7559}
	EndGlobalSection
EndGlobal
